
Microsoft Visual Studio Solution File, Format Version 12.00
# Visual Studio Version 17
VisualStudioVersion = 17.0.31903.59
MinimumVisualStudioVersion = 10.0.40219.1
Project("{2150E333-8FDC-42A3-9474-1A3956D46DE8}") = "Adaptors", "Adaptors", "{F0F47854-EF57-44E8-9513-A4679B6BACF0}"
EndProject
Project("{9A19103F-16F7-4668-BE54-9A1E7A4F7556}") = "InMemoryCacheAdaptor", "src\Adaptors\InMemoryCacheAdaptor\InMemoryCacheAdaptor.csproj", "{DD8A0A51-110B-4ED7-ADF4-2BED85D2CD69}"
EndProject
Project("{2150E333-8FDC-42A3-9474-1A3956D46DE8}") = "src", "src", "{92BC2771-A9EB-4F6C-A129-1DE5EBCB8B93}"
EndProject
Project("{FAE04EC0-301F-11D3-BF4B-00C04F79EFBC}") = "UnitTest", "test\UnitTest\UnitTest.csproj", "{2703F881-79A7-45D4-9F2A-221BD8E5796D}"
EndProject
Global
	GlobalSection(SolutionConfigurationPlatforms) = preSolution
		Debug|Any CPU = Debug|Any CPU
		Release|Any CPU = Release|Any CPU
	EndGlobalSection
	GlobalSection(ProjectConfigurationPlatforms) = postSolution
		{DD8A0A51-110B-4ED7-ADF4-2BED85D2CD69}.Debug|Any CPU.ActiveCfg = Debug|Any CPU
		{DD8A0A51-110B-4ED7-ADF4-2BED85D2CD69}.Debug|Any CPU.Build.0 = Debug|Any CPU
		{DD8A0A51-110B-4ED7-ADF4-2BED85D2CD69}.Release|Any CPU.ActiveCfg = Release|Any CPU
		{DD8A0A51-110B-4ED7-ADF4-2BED85D2CD69}.Release|Any CPU.Build.0 = Release|Any CPU
		{2703F881-79A7-45D4-9F2A-221BD8E5796D}.Debug|Any CPU.ActiveCfg = Debug|Any CPU
		{2703F881-79A7-45D4-9F2A-221BD8E5796D}.Debug|Any CPU.Build.0 = Debug|Any CPU
		{2703F881-79A7-45D4-9F2A-221BD8E5796D}.Release|Any CPU.ActiveCfg = Release|Any CPU
		{2703F881-79A7-45D4-9F2A-221BD8E5796D}.Release|Any CPU.Build.0 = Release|Any CPU
	EndGlobalSection
	GlobalSection(SolutionProperties) = preSolution
		HideSolutionNode = FALSE
	EndGlobalSection
	GlobalSection(NestedProjects) = preSolution
		{F0F47854-EF57-44E8-9513-A4679B6BACF0} = {92BC2771-A9EB-4F6C-A129-1DE5EBCB8B93}
		{DD8A0A51-110B-4ED7-ADF4-2BED85D2CD69} = {F0F47854-EF57-44E8-9513-A4679B6BACF0}
	EndGlobalSection
	GlobalSection(ExtensibilityGlobals) = postSolution
		SolutionGuid = {9C00628E-81A8-4199-8247-B0A01F9076FF}
	EndGlobalSection
EndGlobal
